// !$*UTF8*$!
{
	archiveVersion = 1;
	classes = {
	};
	objectVersion = 50;
	objects = {

/* Begin PBXBuildFile section */
		80CDEAE022F1F3820065A8A3 /* AppDelegate.swift in Sources */ = {isa = PBXBuildFile; fileRef = 80CDEADF22F1F3820065A8A3 /* AppDelegate.swift */; };
		80CDEAE522F1F3820065A8A3 /* Main.storyboard in Resources */ = {isa = PBXBuildFile; fileRef = 80CDEAE322F1F3820065A8A3 /* Main.storyboard */; };
		80CDEAE722F1F3830065A8A3 /* Assets.xcassets in Resources */ = {isa = PBXBuildFile; fileRef = 80CDEAE622F1F3830065A8A3 /* Assets.xcassets */; };
		80CDEAEA22F1F3830065A8A3 /* LaunchScreen.storyboard in Resources */ = {isa = PBXBuildFile; fileRef = 80CDEAE822F1F3830065A8A3 /* LaunchScreen.storyboard */; };
		80CDEAF522F1F3830065A8A3 /* KakaoPayTests.swift in Sources */ = {isa = PBXBuildFile; fileRef = 80CDEAF422F1F3830065A8A3 /* KakaoPayTests.swift */; };
		80CDEB0022F1F3830065A8A3 /* KakaoPayUITests.swift in Sources */ = {isa = PBXBuildFile; fileRef = 80CDEAFF22F1F3830065A8A3 /* KakaoPayUITests.swift */; };
		80CDEB1022F4773B0065A8A3 /* DailyForecastTableViewCell.swift in Sources */ = {isa = PBXBuildFile; fileRef = 80CDEB0F22F4773B0065A8A3 /* DailyForecastTableViewCell.swift */; };
		80CDEB1C22F479D00065A8A3 /* sleet.png in Resources */ = {isa = PBXBuildFile; fileRef = 80CDEB1222F479D00065A8A3 /* sleet.png */; };
		80CDEB1D22F479D00065A8A3 /* fog.png in Resources */ = {isa = PBXBuildFile; fileRef = 80CDEB1322F479D00065A8A3 /* fog.png */; };
		80CDEB1E22F479D00065A8A3 /* partly-cloudy-night.png in Resources */ = {isa = PBXBuildFile; fileRef = 80CDEB1422F479D00065A8A3 /* partly-cloudy-night.png */; };
		80CDEB2022F479D00065A8A3 /* snow.png in Resources */ = {isa = PBXBuildFile; fileRef = 80CDEB1622F479D00065A8A3 /* snow.png */; };
		80CDEB2122F479D00065A8A3 /* wind.png in Resources */ = {isa = PBXBuildFile; fileRef = 80CDEB1722F479D00065A8A3 /* wind.png */; };
		80CDEB2222F479D00065A8A3 /* clear-night.png in Resources */ = {isa = PBXBuildFile; fileRef = 80CDEB1822F479D00065A8A3 /* clear-night.png */; };
		80CDEB2322F479D00065A8A3 /* cloudy.png in Resources */ = {isa = PBXBuildFile; fileRef = 80CDEB1922F479D00065A8A3 /* cloudy.png */; };
		80CDEB2422F479D00065A8A3 /* partly-cloudy-day.png in Resources */ = {isa = PBXBuildFile; fileRef = 80CDEB1A22F479D00065A8A3 /* partly-cloudy-day.png */; };
		80CDEB2522F479D00065A8A3 /* rain.png in Resources */ = {isa = PBXBuildFile; fileRef = 80CDEB1B22F479D00065A8A3 /* rain.png */; };
		80CDEB2C22F47A7B0065A8A3 /* DailyForecastCollectionViewCell.swift in Sources */ = {isa = PBXBuildFile; fileRef = 80CDEB2B22F47A7B0065A8A3 /* DailyForecastCollectionViewCell.swift */; };
		80CDEB3022F4A2D00065A8A3 /* HourlyForecastTableViewCell.swift in Sources */ = {isa = PBXBuildFile; fileRef = 80CDEB2F22F4A2CF0065A8A3 /* HourlyForecastTableViewCell.swift */; };
		80CDEB3222F4A3010065A8A3 /* HourlyForecastCollectionViewCell.swift in Sources */ = {isa = PBXBuildFile; fileRef = 80CDEB3122F4A3010065A8A3 /* HourlyForecastCollectionViewCell.swift */; };
		80CDEB3422F4A5E00065A8A3 /* clear-day.png in Resources */ = {isa = PBXBuildFile; fileRef = 80CDEB3322F4A5E00065A8A3 /* clear-day.png */; };
		80CDEB3822F4AE950065A8A3 /* TimeHandler.swift in Sources */ = {isa = PBXBuildFile; fileRef = 80CDEB3722F4AE950065A8A3 /* TimeHandler.swift */; };
		80CDEB3A22F4BC5E0065A8A3 /* WeatherStateHandler.swift in Sources */ = {isa = PBXBuildFile; fileRef = 80CDEB3922F4BC5E0065A8A3 /* WeatherStateHandler.swift */; };
		E2213C3322F27B0D00042491 /* Request.swift in Sources */ = {isa = PBXBuildFile; fileRef = E2213C3222F27B0D00042491 /* Request.swift */; };
		E2213C3522F27B3800042491 /* WeatherRequest.swift in Sources */ = {isa = PBXBuildFile; fileRef = E2213C3422F27B3800042491 /* WeatherRequest.swift */; };
		E2213C3822F27B7C00042491 /* Weather.swift in Sources */ = {isa = PBXBuildFile; fileRef = E2213C3722F27B7C00042491 /* Weather.swift */; };
		E2213C3B22F27B9100042491 /* CurrentlyWeather.swift in Sources */ = {isa = PBXBuildFile; fileRef = E2213C3A22F27B9100042491 /* CurrentlyWeather.swift */; };
		E2213C3D22F27BA500042491 /* HourlyWeather.swift in Sources */ = {isa = PBXBuildFile; fileRef = E2213C3C22F27BA500042491 /* HourlyWeather.swift */; };
		E2213C3F22F27BBD00042491 /* DailyWeather.swift in Sources */ = {isa = PBXBuildFile; fileRef = E2213C3E22F27BBD00042491 /* DailyWeather.swift */; };
		E2213C4222F27C6800042491 /* Const.swift in Sources */ = {isa = PBXBuildFile; fileRef = E2213C4122F27C6800042491 /* Const.swift */; };
		E2213C4422F27FC400042491 /* Key.swift in Sources */ = {isa = PBXBuildFile; fileRef = E2213C4322F27FC400042491 /* Key.swift */; };
		E2213C4722F282F500042491 /* Parser.swift in Sources */ = {isa = PBXBuildFile; fileRef = E2213C4622F282F500042491 /* Parser.swift */; };
		E2213C4922F2849000042491 /* WeatherData.swift in Sources */ = {isa = PBXBuildFile; fileRef = E2213C4822F2849000042491 /* WeatherData.swift */; };
		E2213C4D22F2E9BD00042491 /* Location.swift in Sources */ = {isa = PBXBuildFile; fileRef = E2213C4C22F2E9BD00042491 /* Location.swift */; };
		E2D2A0D522F3DE990055735D /* KPLocationManager.swift in Sources */ = {isa = PBXBuildFile; fileRef = E2D2A0D422F3DE990055735D /* KPLocationManager.swift */; };
		E2D2A0D722F3E5820055735D /* PageViewController.swift in Sources */ = {isa = PBXBuildFile; fileRef = E2D2A0D622F3E5820055735D /* PageViewController.swift */; };
		E2D2A0D922F3E6850055735D /* WeatherViewController.swift in Sources */ = {isa = PBXBuildFile; fileRef = E2D2A0D822F3E6850055735D /* WeatherViewController.swift */; };
		E2D2A0DB22F4181E0055735D /* ResultTableViewController.swift in Sources */ = {isa = PBXBuildFile; fileRef = E2D2A0DA22F4181E0055735D /* ResultTableViewController.swift */; };
/* End PBXBuildFile section */

/* Begin PBXContainerItemProxy section */
		80CDEAF122F1F3830065A8A3 /* PBXContainerItemProxy */ = {
			isa = PBXContainerItemProxy;
			containerPortal = 80CDEAD422F1F3820065A8A3 /* Project object */;
			proxyType = 1;
			remoteGlobalIDString = 80CDEADB22F1F3820065A8A3;
			remoteInfo = KakaoPay;
		};
		80CDEAFC22F1F3830065A8A3 /* PBXContainerItemProxy */ = {
			isa = PBXContainerItemProxy;
			containerPortal = 80CDEAD422F1F3820065A8A3 /* Project object */;
			proxyType = 1;
			remoteGlobalIDString = 80CDEADB22F1F3820065A8A3;
			remoteInfo = KakaoPay;
		};
/* End PBXContainerItemProxy section */

/* Begin PBXFileReference section */
		80CDEADC22F1F3820065A8A3 /* KakaoPay.app */ = {isa = PBXFileReference; explicitFileType = wrapper.application; includeInIndex = 0; path = KakaoPay.app; sourceTree = BUILT_PRODUCTS_DIR; };
		80CDEADF22F1F3820065A8A3 /* AppDelegate.swift */ = {isa = PBXFileReference; lastKnownFileType = sourcecode.swift; path = AppDelegate.swift; sourceTree = "<group>"; };
		80CDEAE422F1F3820065A8A3 /* Base */ = {isa = PBXFileReference; lastKnownFileType = file.storyboard; name = Base; path = Base.lproj/Main.storyboard; sourceTree = "<group>"; };
		80CDEAE622F1F3830065A8A3 /* Assets.xcassets */ = {isa = PBXFileReference; lastKnownFileType = folder.assetcatalog; path = Assets.xcassets; sourceTree = "<group>"; };
		80CDEAE922F1F3830065A8A3 /* Base */ = {isa = PBXFileReference; lastKnownFileType = file.storyboard; name = Base; path = Base.lproj/LaunchScreen.storyboard; sourceTree = "<group>"; };
		80CDEAEB22F1F3830065A8A3 /* Info.plist */ = {isa = PBXFileReference; lastKnownFileType = text.plist.xml; path = Info.plist; sourceTree = "<group>"; };
		80CDEAF022F1F3830065A8A3 /* KakaoPayTests.xctest */ = {isa = PBXFileReference; explicitFileType = wrapper.cfbundle; includeInIndex = 0; path = KakaoPayTests.xctest; sourceTree = BUILT_PRODUCTS_DIR; };
		80CDEAF422F1F3830065A8A3 /* KakaoPayTests.swift */ = {isa = PBXFileReference; lastKnownFileType = sourcecode.swift; path = KakaoPayTests.swift; sourceTree = "<group>"; };
		80CDEAF622F1F3830065A8A3 /* Info.plist */ = {isa = PBXFileReference; lastKnownFileType = text.plist.xml; path = Info.plist; sourceTree = "<group>"; };
		80CDEAFB22F1F3830065A8A3 /* KakaoPayUITests.xctest */ = {isa = PBXFileReference; explicitFileType = wrapper.cfbundle; includeInIndex = 0; path = KakaoPayUITests.xctest; sourceTree = BUILT_PRODUCTS_DIR; };
		80CDEAFF22F1F3830065A8A3 /* KakaoPayUITests.swift */ = {isa = PBXFileReference; lastKnownFileType = sourcecode.swift; path = KakaoPayUITests.swift; sourceTree = "<group>"; };
		80CDEB0122F1F3830065A8A3 /* Info.plist */ = {isa = PBXFileReference; lastKnownFileType = text.plist.xml; path = Info.plist; sourceTree = "<group>"; };
		80CDEB0F22F4773B0065A8A3 /* DailyForecastTableViewCell.swift */ = {isa = PBXFileReference; lastKnownFileType = sourcecode.swift; path = DailyForecastTableViewCell.swift; sourceTree = "<group>"; };
		80CDEB1222F479D00065A8A3 /* sleet.png */ = {isa = PBXFileReference; lastKnownFileType = image.png; path = sleet.png; sourceTree = "<group>"; };
		80CDEB1322F479D00065A8A3 /* fog.png */ = {isa = PBXFileReference; lastKnownFileType = image.png; path = fog.png; sourceTree = "<group>"; };
		80CDEB1422F479D00065A8A3 /* partly-cloudy-night.png */ = {isa = PBXFileReference; lastKnownFileType = image.png; path = "partly-cloudy-night.png"; sourceTree = "<group>"; };
		80CDEB1622F479D00065A8A3 /* snow.png */ = {isa = PBXFileReference; lastKnownFileType = image.png; path = snow.png; sourceTree = "<group>"; };
		80CDEB1722F479D00065A8A3 /* wind.png */ = {isa = PBXFileReference; lastKnownFileType = image.png; path = wind.png; sourceTree = "<group>"; };
		80CDEB1822F479D00065A8A3 /* clear-night.png */ = {isa = PBXFileReference; lastKnownFileType = image.png; path = "clear-night.png"; sourceTree = "<group>"; };
		80CDEB1922F479D00065A8A3 /* cloudy.png */ = {isa = PBXFileReference; lastKnownFileType = image.png; path = cloudy.png; sourceTree = "<group>"; };
		80CDEB1A22F479D00065A8A3 /* partly-cloudy-day.png */ = {isa = PBXFileReference; lastKnownFileType = image.png; path = "partly-cloudy-day.png"; sourceTree = "<group>"; };
		80CDEB1B22F479D00065A8A3 /* rain.png */ = {isa = PBXFileReference; lastKnownFileType = image.png; path = rain.png; sourceTree = "<group>"; };
		80CDEB2B22F47A7B0065A8A3 /* DailyForecastCollectionViewCell.swift */ = {isa = PBXFileReference; lastKnownFileType = sourcecode.swift; path = DailyForecastCollectionViewCell.swift; sourceTree = "<group>"; };
		80CDEB2F22F4A2CF0065A8A3 /* HourlyForecastTableViewCell.swift */ = {isa = PBXFileReference; fileEncoding = 4; lastKnownFileType = sourcecode.swift; path = HourlyForecastTableViewCell.swift; sourceTree = "<group>"; };
		80CDEB3122F4A3010065A8A3 /* HourlyForecastCollectionViewCell.swift */ = {isa = PBXFileReference; fileEncoding = 4; lastKnownFileType = sourcecode.swift; path = HourlyForecastCollectionViewCell.swift; sourceTree = "<group>"; };
		80CDEB3322F4A5E00065A8A3 /* clear-day.png */ = {isa = PBXFileReference; lastKnownFileType = image.png; path = "clear-day.png"; sourceTree = "<group>"; };
		80CDEB3722F4AE950065A8A3 /* TimeHandler.swift */ = {isa = PBXFileReference; lastKnownFileType = sourcecode.swift; path = TimeHandler.swift; sourceTree = "<group>"; };
		80CDEB3922F4BC5E0065A8A3 /* WeatherStateHandler.swift */ = {isa = PBXFileReference; lastKnownFileType = sourcecode.swift; path = WeatherStateHandler.swift; sourceTree = "<group>"; };
		E2213C3222F27B0D00042491 /* Request.swift */ = {isa = PBXFileReference; lastKnownFileType = sourcecode.swift; path = Request.swift; sourceTree = "<group>"; };
		E2213C3422F27B3800042491 /* WeatherRequest.swift */ = {isa = PBXFileReference; lastKnownFileType = sourcecode.swift; path = WeatherRequest.swift; sourceTree = "<group>"; };
		E2213C3722F27B7C00042491 /* Weather.swift */ = {isa = PBXFileReference; lastKnownFileType = sourcecode.swift; path = Weather.swift; sourceTree = "<group>"; };
		E2213C3A22F27B9100042491 /* CurrentlyWeather.swift */ = {isa = PBXFileReference; lastKnownFileType = sourcecode.swift; path = CurrentlyWeather.swift; sourceTree = "<group>"; };
		E2213C3C22F27BA500042491 /* HourlyWeather.swift */ = {isa = PBXFileReference; lastKnownFileType = sourcecode.swift; path = HourlyWeather.swift; sourceTree = "<group>"; };
		E2213C3E22F27BBD00042491 /* DailyWeather.swift */ = {isa = PBXFileReference; lastKnownFileType = sourcecode.swift; path = DailyWeather.swift; sourceTree = "<group>"; };
		E2213C4122F27C6800042491 /* Const.swift */ = {isa = PBXFileReference; lastKnownFileType = sourcecode.swift; path = Const.swift; sourceTree = "<group>"; };
		E2213C4322F27FC400042491 /* Key.swift */ = {isa = PBXFileReference; lastKnownFileType = sourcecode.swift; path = Key.swift; sourceTree = "<group>"; };
		E2213C4622F282F500042491 /* Parser.swift */ = {isa = PBXFileReference; lastKnownFileType = sourcecode.swift; path = Parser.swift; sourceTree = "<group>"; };
		E2213C4822F2849000042491 /* WeatherData.swift */ = {isa = PBXFileReference; lastKnownFileType = sourcecode.swift; path = WeatherData.swift; sourceTree = "<group>"; };
		E2213C4C22F2E9BD00042491 /* Location.swift */ = {isa = PBXFileReference; lastKnownFileType = sourcecode.swift; path = Location.swift; sourceTree = "<group>"; };
		E2D2A0D422F3DE990055735D /* KPLocationManager.swift */ = {isa = PBXFileReference; fileEncoding = 4; lastKnownFileType = sourcecode.swift; path = KPLocationManager.swift; sourceTree = "<group>"; };
		E2D2A0D622F3E5820055735D /* PageViewController.swift */ = {isa = PBXFileReference; lastKnownFileType = sourcecode.swift; path = PageViewController.swift; sourceTree = "<group>"; };
		E2D2A0D822F3E6850055735D /* WeatherViewController.swift */ = {isa = PBXFileReference; lastKnownFileType = sourcecode.swift; path = WeatherViewController.swift; sourceTree = "<group>"; };
		E2D2A0DA22F4181E0055735D /* ResultTableViewController.swift */ = {isa = PBXFileReference; lastKnownFileType = sourcecode.swift; path = ResultTableViewController.swift; sourceTree = "<group>"; };
/* End PBXFileReference section */

/* Begin PBXFrameworksBuildPhase section */
		80CDEAD922F1F3820065A8A3 /* Frameworks */ = {
			isa = PBXFrameworksBuildPhase;
			buildActionMask = 2147483647;
			files = (
			);
			runOnlyForDeploymentPostprocessing = 0;
		};
		80CDEAED22F1F3830065A8A3 /* Frameworks */ = {
			isa = PBXFrameworksBuildPhase;
			buildActionMask = 2147483647;
			files = (
			);
			runOnlyForDeploymentPostprocessing = 0;
		};
		80CDEAF822F1F3830065A8A3 /* Frameworks */ = {
			isa = PBXFrameworksBuildPhase;
			buildActionMask = 2147483647;
			files = (
			);
			runOnlyForDeploymentPostprocessing = 0;
		};
/* End PBXFrameworksBuildPhase section */

/* Begin PBXGroup section */
		80CDEAD322F1F3820065A8A3 = {
			isa = PBXGroup;
			children = (
				80CDEADE22F1F3820065A8A3 /* KakaoPay */,
				80CDEAF322F1F3830065A8A3 /* KakaoPayTests */,
				80CDEAFE22F1F3830065A8A3 /* KakaoPayUITests */,
				80CDEADD22F1F3820065A8A3 /* Products */,
			);
			sourceTree = "<group>";
		};
		80CDEADD22F1F3820065A8A3 /* Products */ = {
			isa = PBXGroup;
			children = (
				80CDEADC22F1F3820065A8A3 /* KakaoPay.app */,
				80CDEAF022F1F3830065A8A3 /* KakaoPayTests.xctest */,
				80CDEAFB22F1F3830065A8A3 /* KakaoPayUITests.xctest */,
			);
			name = Products;
			sourceTree = "<group>";
		};
		80CDEADE22F1F3820065A8A3 /* KakaoPay */ = {
			isa = PBXGroup;
			children = (
				80CDEB2D22F47CB70065A8A3 /* UI */,
				80CDEB2822F47A410065A8A3 /* Manager */,
				80CDEB1122F479D00065A8A3 /* Image */,
				E2213C4522F282E900042491 /* Parser */,
				E2213C4022F27C3F00042491 /* Const */,
				E2213C3622F27B6D00042491 /* Model */,
				E2213C3122F27AF700042491 /* Network */,
				80CDEADF22F1F3820065A8A3 /* AppDelegate.swift */,
				80CDEAE322F1F3820065A8A3 /* Main.storyboard */,
				80CDEAE622F1F3830065A8A3 /* Assets.xcassets */,
				80CDEAE822F1F3830065A8A3 /* LaunchScreen.storyboard */,
				80CDEAEB22F1F3830065A8A3 /* Info.plist */,
			);
			path = KakaoPay;
			sourceTree = "<group>";
		};
		80CDEAF322F1F3830065A8A3 /* KakaoPayTests */ = {
			isa = PBXGroup;
			children = (
				80CDEAF422F1F3830065A8A3 /* KakaoPayTests.swift */,
				80CDEAF622F1F3830065A8A3 /* Info.plist */,
			);
			path = KakaoPayTests;
			sourceTree = "<group>";
		};
		80CDEAFE22F1F3830065A8A3 /* KakaoPayUITests */ = {
			isa = PBXGroup;
			children = (
				80CDEAFF22F1F3830065A8A3 /* KakaoPayUITests.swift */,
				80CDEB0122F1F3830065A8A3 /* Info.plist */,
			);
			path = KakaoPayUITests;
			sourceTree = "<group>";
		};
		80CDEB1122F479D00065A8A3 /* Image */ = {
			isa = PBXGroup;
			children = (
				80CDEB3322F4A5E00065A8A3 /* clear-day.png */,
				80CDEB1222F479D00065A8A3 /* sleet.png */,
				80CDEB1322F479D00065A8A3 /* fog.png */,
				80CDEB1422F479D00065A8A3 /* partly-cloudy-night.png */,
				80CDEB1622F479D00065A8A3 /* snow.png */,
				80CDEB1722F479D00065A8A3 /* wind.png */,
				80CDEB1822F479D00065A8A3 /* clear-night.png */,
				80CDEB1922F479D00065A8A3 /* cloudy.png */,
				80CDEB1A22F479D00065A8A3 /* partly-cloudy-day.png */,
				80CDEB1B22F479D00065A8A3 /* rain.png */,
			);
			path = Image;
			sourceTree = "<group>";
		};
		80CDEB2622F47A1D0065A8A3 /* ViewController */ = {
			isa = PBXGroup;
			children = (
				E2D2A0D622F3E5820055735D /* PageViewController.swift */,
				E2D2A0D822F3E6850055735D /* WeatherViewController.swift */,
				E2D2A0DA22F4181E0055735D /* ResultTableViewController.swift */,
			);
			path = ViewController;
			sourceTree = "<group>";
		};
		80CDEB2722F47A2C0065A8A3 /* Cell */ = {
			isa = PBXGroup;
			children = (
				80CDEB2F22F4A2CF0065A8A3 /* HourlyForecastTableViewCell.swift */,
				80CDEB3122F4A3010065A8A3 /* HourlyForecastCollectionViewCell.swift */,
				80CDEB0F22F4773B0065A8A3 /* DailyForecastTableViewCell.swift */,
				80CDEB2B22F47A7B0065A8A3 /* DailyForecastCollectionViewCell.swift */,
			);
			path = Cell;
			sourceTree = "<group>";
		};
		80CDEB2822F47A410065A8A3 /* Manager */ = {
			isa = PBXGroup;
			children = (
				E2D2A0D422F3DE990055735D /* KPLocationManager.swift */,
				80CDEB3722F4AE950065A8A3 /* TimeHandler.swift */,
				80CDEB3922F4BC5E0065A8A3 /* WeatherStateHandler.swift */,
			);
			path = Manager;
			sourceTree = "<group>";
		};
		80CDEB2D22F47CB70065A8A3 /* UI */ = {
			isa = PBXGroup;
			children = (
				80CDEB2722F47A2C0065A8A3 /* Cell */,
				80CDEB2622F47A1D0065A8A3 /* ViewController */,
			);
			path = UI;
			sourceTree = "<group>";
		};
		E2213C3122F27AF700042491 /* Network */ = {
			isa = PBXGroup;
			children = (
				E2213C3222F27B0D00042491 /* Request.swift */,
				E2213C3422F27B3800042491 /* WeatherRequest.swift */,
			);
			path = Network;
			sourceTree = "<group>";
		};
		E2213C3622F27B6D00042491 /* Model */ = {
			isa = PBXGroup;
			children = (
				E2213C3722F27B7C00042491 /* Weather.swift */,
				E2213C3A22F27B9100042491 /* CurrentlyWeather.swift */,
				E2213C3C22F27BA500042491 /* HourlyWeather.swift */,
				E2213C3E22F27BBD00042491 /* DailyWeather.swift */,
				E2213C4822F2849000042491 /* WeatherData.swift */,
				E2213C4C22F2E9BD00042491 /* Location.swift */,
			);
			path = Model;
			sourceTree = "<group>";
		};
		E2213C4022F27C3F00042491 /* Const */ = {
			isa = PBXGroup;
			children = (
				E2213C4122F27C6800042491 /* Const.swift */,
				E2213C4322F27FC400042491 /* Key.swift */,
			);
			path = Const;
			sourceTree = "<group>";
		};
		E2213C4522F282E900042491 /* Parser */ = {
			isa = PBXGroup;
			children = (
				E2213C4622F282F500042491 /* Parser.swift */,
			);
			path = Parser;
			sourceTree = "<group>";
		};
/* End PBXGroup section */

/* Begin PBXNativeTarget section */
		80CDEADB22F1F3820065A8A3 /* KakaoPay */ = {
			isa = PBXNativeTarget;
			buildConfigurationList = 80CDEB0422F1F3830065A8A3 /* Build configuration list for PBXNativeTarget "KakaoPay" */;
			buildPhases = (
				80CDEAD822F1F3820065A8A3 /* Sources */,
				80CDEAD922F1F3820065A8A3 /* Frameworks */,
				80CDEADA22F1F3820065A8A3 /* Resources */,
			);
			buildRules = (
			);
			dependencies = (
			);
			name = KakaoPay;
			productName = KakaoPay;
			productReference = 80CDEADC22F1F3820065A8A3 /* KakaoPay.app */;
			productType = "com.apple.product-type.application";
		};
		80CDEAEF22F1F3830065A8A3 /* KakaoPayTests */ = {
			isa = PBXNativeTarget;
			buildConfigurationList = 80CDEB0722F1F3830065A8A3 /* Build configuration list for PBXNativeTarget "KakaoPayTests" */;
			buildPhases = (
				80CDEAEC22F1F3830065A8A3 /* Sources */,
				80CDEAED22F1F3830065A8A3 /* Frameworks */,
				80CDEAEE22F1F3830065A8A3 /* Resources */,
			);
			buildRules = (
			);
			dependencies = (
				80CDEAF222F1F3830065A8A3 /* PBXTargetDependency */,
			);
			name = KakaoPayTests;
			productName = KakaoPayTests;
			productReference = 80CDEAF022F1F3830065A8A3 /* KakaoPayTests.xctest */;
			productType = "com.apple.product-type.bundle.unit-test";
		};
		80CDEAFA22F1F3830065A8A3 /* KakaoPayUITests */ = {
			isa = PBXNativeTarget;
			buildConfigurationList = 80CDEB0A22F1F3830065A8A3 /* Build configuration list for PBXNativeTarget "KakaoPayUITests" */;
			buildPhases = (
				80CDEAF722F1F3830065A8A3 /* Sources */,
				80CDEAF822F1F3830065A8A3 /* Frameworks */,
				80CDEAF922F1F3830065A8A3 /* Resources */,
			);
			buildRules = (
			);
			dependencies = (
				80CDEAFD22F1F3830065A8A3 /* PBXTargetDependency */,
			);
			name = KakaoPayUITests;
			productName = KakaoPayUITests;
			productReference = 80CDEAFB22F1F3830065A8A3 /* KakaoPayUITests.xctest */;
			productType = "com.apple.product-type.bundle.ui-testing";
		};
/* End PBXNativeTarget section */

/* Begin PBXProject section */
		80CDEAD422F1F3820065A8A3 /* Project object */ = {
			isa = PBXProject;
			attributes = {
				LastSwiftUpdateCheck = 1030;
				LastUpgradeCheck = 1030;
				ORGANIZATIONNAME = mjkoo;
				TargetAttributes = {
					80CDEADB22F1F3820065A8A3 = {
						CreatedOnToolsVersion = 10.3;
					};
					80CDEAEF22F1F3830065A8A3 = {
						CreatedOnToolsVersion = 10.3;
						TestTargetID = 80CDEADB22F1F3820065A8A3;
					};
					80CDEAFA22F1F3830065A8A3 = {
						CreatedOnToolsVersion = 10.3;
						TestTargetID = 80CDEADB22F1F3820065A8A3;
					};
				};
			};
			buildConfigurationList = 80CDEAD722F1F3820065A8A3 /* Build configuration list for PBXProject "KakaoPay" */;
			compatibilityVersion = "Xcode 9.3";
			developmentRegion = en;
			hasScannedForEncodings = 0;
			knownRegions = (
				en,
				Base,
			);
			mainGroup = 80CDEAD322F1F3820065A8A3;
			productRefGroup = 80CDEADD22F1F3820065A8A3 /* Products */;
			projectDirPath = "";
			projectRoot = "";
			targets = (
				80CDEADB22F1F3820065A8A3 /* KakaoPay */,
				80CDEAEF22F1F3830065A8A3 /* KakaoPayTests */,
				80CDEAFA22F1F3830065A8A3 /* KakaoPayUITests */,
			);
		};
/* End PBXProject section */

/* Begin PBXResourcesBuildPhase section */
		80CDEADA22F1F3820065A8A3 /* Resources */ = {
			isa = PBXResourcesBuildPhase;
			buildActionMask = 2147483647;
			files = (
				80CDEB2222F479D00065A8A3 /* clear-night.png in Resources */,
				80CDEB1E22F479D00065A8A3 /* partly-cloudy-night.png in Resources */,
				80CDEAEA22F1F3830065A8A3 /* LaunchScreen.storyboard in Resources */,
				80CDEB2122F479D00065A8A3 /* wind.png in Resources */,
				80CDEB3422F4A5E00065A8A3 /* clear-day.png in Resources */,
				80CDEB2422F479D00065A8A3 /* partly-cloudy-day.png in Resources */,
				80CDEB2022F479D00065A8A3 /* snow.png in Resources */,
				80CDEB2322F479D00065A8A3 /* cloudy.png in Resources */,
				80CDEB2522F479D00065A8A3 /* rain.png in Resources */,
				80CDEB1C22F479D00065A8A3 /* sleet.png in Resources */,
				80CDEAE722F1F3830065A8A3 /* Assets.xcassets in Resources */,
				80CDEB1D22F479D00065A8A3 /* fog.png in Resources */,
				80CDEAE522F1F3820065A8A3 /* Main.storyboard in Resources */,
			);
			runOnlyForDeploymentPostprocessing = 0;
		};
		80CDEAEE22F1F3830065A8A3 /* Resources */ = {
			isa = PBXResourcesBuildPhase;
			buildActionMask = 2147483647;
			files = (
			);
			runOnlyForDeploymentPostprocessing = 0;
		};
		80CDEAF922F1F3830065A8A3 /* Resources */ = {
			isa = PBXResourcesBuildPhase;
			buildActionMask = 2147483647;
			files = (
			);
			runOnlyForDeploymentPostprocessing = 0;
		};
/* End PBXResourcesBuildPhase section */

/* Begin PBXSourcesBuildPhase section */
		80CDEAD822F1F3820065A8A3 /* Sources */ = {
			isa = PBXSourcesBuildPhase;
			buildActionMask = 2147483647;
			files = (
				80CDEB3022F4A2D00065A8A3 /* HourlyForecastTableViewCell.swift in Sources */,
				E2D2A0DB22F4181E0055735D /* ResultTableViewController.swift in Sources */,
				E2213C3F22F27BBD00042491 /* DailyWeather.swift in Sources */,
				80CDEB1022F4773B0065A8A3 /* DailyForecastTableViewCell.swift in Sources */,
				80CDEB2C22F47A7B0065A8A3 /* DailyForecastCollectionViewCell.swift in Sources */,
				E2213C4722F282F500042491 /* Parser.swift in Sources */,
				E2213C4422F27FC400042491 /* Key.swift in Sources */,
				E2213C3522F27B3800042491 /* WeatherRequest.swift in Sources */,
				E2D2A0D922F3E6850055735D /* WeatherViewController.swift in Sources */,
				80CDEB3822F4AE950065A8A3 /* TimeHandler.swift in Sources */,
				E2D2A0D522F3DE990055735D /* KPLocationManager.swift in Sources */,
				E2D2A0D722F3E5820055735D /* PageViewController.swift in Sources */,
				E2213C3322F27B0D00042491 /* Request.swift in Sources */,
				E2213C4D22F2E9BD00042491 /* Location.swift in Sources */,
				80CDEAE022F1F3820065A8A3 /* AppDelegate.swift in Sources */,
				E2213C3B22F27B9100042491 /* CurrentlyWeather.swift in Sources */,
				E2213C3822F27B7C00042491 /* Weather.swift in Sources */,
				E2213C3D22F27BA500042491 /* HourlyWeather.swift in Sources */,
				E2213C4922F2849000042491 /* WeatherData.swift in Sources */,
				80CDEB3A22F4BC5E0065A8A3 /* WeatherStateHandler.swift in Sources */,
				E2213C4222F27C6800042491 /* Const.swift in Sources */,
				80CDEB3222F4A3010065A8A3 /* HourlyForecastCollectionViewCell.swift in Sources */,
			);
			runOnlyForDeploymentPostprocessing = 0;
		};
		80CDEAEC22F1F3830065A8A3 /* Sources */ = {
			isa = PBXSourcesBuildPhase;
			buildActionMask = 2147483647;
			files = (
				80CDEAF522F1F3830065A8A3 /* KakaoPayTests.swift in Sources */,
			);
			runOnlyForDeploymentPostprocessing = 0;
		};
		80CDEAF722F1F3830065A8A3 /* Sources */ = {
			isa = PBXSourcesBuildPhase;
			buildActionMask = 2147483647;
			files = (
				80CDEB0022F1F3830065A8A3 /* KakaoPayUITests.swift in Sources */,
			);
			runOnlyForDeploymentPostprocessing = 0;
		};
/* End PBXSourcesBuildPhase section */

/* Begin PBXTargetDependency section */
		80CDEAF222F1F3830065A8A3 /* PBXTargetDependency */ = {
			isa = PBXTargetDependency;
			target = 80CDEADB22F1F3820065A8A3 /* KakaoPay */;
			targetProxy = 80CDEAF122F1F3830065A8A3 /* PBXContainerItemProxy */;
		};
		80CDEAFD22F1F3830065A8A3 /* PBXTargetDependency */ = {
			isa = PBXTargetDependency;
			target = 80CDEADB22F1F3820065A8A3 /* KakaoPay */;
			targetProxy = 80CDEAFC22F1F3830065A8A3 /* PBXContainerItemProxy */;
		};
/* End PBXTargetDependency section */

/* Begin PBXVariantGroup section */
		80CDEAE322F1F3820065A8A3 /* Main.storyboard */ = {
			isa = PBXVariantGroup;
			children = (
				80CDEAE422F1F3820065A8A3 /* Base */,
			);
			name = Main.storyboard;
			sourceTree = "<group>";
		};
		80CDEAE822F1F3830065A8A3 /* LaunchScreen.storyboard */ = {
			isa = PBXVariantGroup;
			children = (
				80CDEAE922F1F3830065A8A3 /* Base */,
			);
			name = LaunchScreen.storyboard;
			sourceTree = "<group>";
		};
/* End PBXVariantGroup section */

/* Begin XCBuildConfiguration section */
		80CDEB0222F1F3830065A8A3 /* Debug */ = {
			isa = XCBuildConfiguration;
			buildSettings = {
				ALWAYS_SEARCH_USER_PATHS = NO;
				CLANG_ANALYZER_NONNULL = YES;
				CLANG_ANALYZER_NUMBER_OBJECT_CONVERSION = YES_AGGRESSIVE;
				CLANG_CXX_LANGUAGE_STANDARD = "gnu++14";
				CLANG_CXX_LIBRARY = "libc++";
				CLANG_ENABLE_MODULES = YES;
				CLANG_ENABLE_OBJC_ARC = YES;
				CLANG_ENABLE_OBJC_WEAK = YES;
				CLANG_WARN_BLOCK_CAPTURE_AUTORELEASING = YES;
				CLANG_WARN_BOOL_CONVERSION = YES;
				CLANG_WARN_COMMA = YES;
				CLANG_WARN_CONSTANT_CONVERSION = YES;
				CLANG_WARN_DEPRECATED_OBJC_IMPLEMENTATIONS = YES;
				CLANG_WARN_DIRECT_OBJC_ISA_USAGE = YES_ERROR;
				CLANG_WARN_DOCUMENTATION_COMMENTS = YES;
				CLANG_WARN_EMPTY_BODY = YES;
				CLANG_WARN_ENUM_CONVERSION = YES;
				CLANG_WARN_INFINITE_RECURSION = YES;
				CLANG_WARN_INT_CONVERSION = YES;
				CLANG_WARN_NON_LITERAL_NULL_CONVERSION = YES;
				CLANG_WARN_OBJC_IMPLICIT_RETAIN_SELF = YES;
				CLANG_WARN_OBJC_LITERAL_CONVERSION = YES;
				CLANG_WARN_OBJC_ROOT_CLASS = YES_ERROR;
				CLANG_WARN_RANGE_LOOP_ANALYSIS = YES;
				CLANG_WARN_STRICT_PROTOTYPES = YES;
				CLANG_WARN_SUSPICIOUS_MOVE = YES;
				CLANG_WARN_UNGUARDED_AVAILABILITY = YES_AGGRESSIVE;
				CLANG_WARN_UNREACHABLE_CODE = YES;
				CLANG_WARN__DUPLICATE_METHOD_MATCH = YES;
				CODE_SIGN_IDENTITY = "iPhone Developer";
				COPY_PHASE_STRIP = NO;
				DEBUG_INFORMATION_FORMAT = dwarf;
				ENABLE_STRICT_OBJC_MSGSEND = YES;
				ENABLE_TESTABILITY = YES;
				GCC_C_LANGUAGE_STANDARD = gnu11;
				GCC_DYNAMIC_NO_PIC = NO;
				GCC_NO_COMMON_BLOCKS = YES;
				GCC_OPTIMIZATION_LEVEL = 0;
				GCC_PREPROCESSOR_DEFINITIONS = (
					"DEBUG=1",
					"$(inherited)",
				);
				GCC_WARN_64_TO_32_BIT_CONVERSION = YES;
				GCC_WARN_ABOUT_RETURN_TYPE = YES_ERROR;
				GCC_WARN_UNDECLARED_SELECTOR = YES;
				GCC_WARN_UNINITIALIZED_AUTOS = YES_AGGRESSIVE;
				GCC_WARN_UNUSED_FUNCTION = YES;
				GCC_WARN_UNUSED_VARIABLE = YES;
				IPHONEOS_DEPLOYMENT_TARGET = 12.4;
				MTL_ENABLE_DEBUG_INFO = INCLUDE_SOURCE;
				MTL_FAST_MATH = YES;
				ONLY_ACTIVE_ARCH = YES;
				SDKROOT = iphoneos;
				SWIFT_ACTIVE_COMPILATION_CONDITIONS = DEBUG;
				SWIFT_OPTIMIZATION_LEVEL = "-Onone";
			};
			name = Debug;
		};
		80CDEB0322F1F3830065A8A3 /* Release */ = {
			isa = XCBuildConfiguration;
			buildSettings = {
				ALWAYS_SEARCH_USER_PATHS = NO;
				CLANG_ANALYZER_NONNULL = YES;
				CLANG_ANALYZER_NUMBER_OBJECT_CONVERSION = YES_AGGRESSIVE;
				CLANG_CXX_LANGUAGE_STANDARD = "gnu++14";
				CLANG_CXX_LIBRARY = "libc++";
				CLANG_ENABLE_MODULES = YES;
				CLANG_ENABLE_OBJC_ARC = YES;
				CLANG_ENABLE_OBJC_WEAK = YES;
				CLANG_WARN_BLOCK_CAPTURE_AUTORELEASING = YES;
				CLANG_WARN_BOOL_CONVERSION = YES;
				CLANG_WARN_COMMA = YES;
				CLANG_WARN_CONSTANT_CONVERSION = YES;
				CLANG_WARN_DEPRECATED_OBJC_IMPLEMENTATIONS = YES;
				CLANG_WARN_DIRECT_OBJC_ISA_USAGE = YES_ERROR;
				CLANG_WARN_DOCUMENTATION_COMMENTS = YES;
				CLANG_WARN_EMPTY_BODY = YES;
				CLANG_WARN_ENUM_CONVERSION = YES;
				CLANG_WARN_INFINITE_RECURSION = YES;
				CLANG_WARN_INT_CONVERSION = YES;
				CLANG_WARN_NON_LITERAL_NULL_CONVERSION = YES;
				CLANG_WARN_OBJC_IMPLICIT_RETAIN_SELF = YES;
				CLANG_WARN_OBJC_LITERAL_CONVERSION = YES;
				CLANG_WARN_OBJC_ROOT_CLASS = YES_ERROR;
				CLANG_WARN_RANGE_LOOP_ANALYSIS = YES;
				CLANG_WARN_STRICT_PROTOTYPES = YES;
				CLANG_WARN_SUSPICIOUS_MOVE = YES;
				CLANG_WARN_UNGUARDED_AVAILABILITY = YES_AGGRESSIVE;
				CLANG_WARN_UNREACHABLE_CODE = YES;
				CLANG_WARN__DUPLICATE_METHOD_MATCH = YES;
				CODE_SIGN_IDENTITY = "iPhone Developer";
				COPY_PHASE_STRIP = NO;
				DEBUG_INFORMATION_FORMAT = "dwarf-with-dsym";
				ENABLE_NS_ASSERTIONS = NO;
				ENABLE_STRICT_OBJC_MSGSEND = YES;
				GCC_C_LANGUAGE_STANDARD = gnu11;
				GCC_NO_COMMON_BLOCKS = YES;
				GCC_WARN_64_TO_32_BIT_CONVERSION = YES;
				GCC_WARN_ABOUT_RETURN_TYPE = YES_ERROR;
				GCC_WARN_UNDECLARED_SELECTOR = YES;
				GCC_WARN_UNINITIALIZED_AUTOS = YES_AGGRESSIVE;
				GCC_WARN_UNUSED_FUNCTION = YES;
				GCC_WARN_UNUSED_VARIABLE = YES;
				IPHONEOS_DEPLOYMENT_TARGET = 12.4;
				MTL_ENABLE_DEBUG_INFO = NO;
				MTL_FAST_MATH = YES;
				SDKROOT = iphoneos;
				SWIFT_COMPILATION_MODE = wholemodule;
				SWIFT_OPTIMIZATION_LEVEL = "-O";
				VALIDATE_PRODUCT = YES;
			};
			name = Release;
		};
		80CDEB0522F1F3830065A8A3 /* Debug */ = {
			isa = XCBuildConfiguration;
			buildSettings = {
				ASSETCATALOG_COMPILER_APPICON_NAME = AppIcon;
				CODE_SIGN_STYLE = Automatic;
				DEVELOPMENT_TEAM = TYXYQ3XS3W;
				INFOPLIST_FILE = KakaoPay/Info.plist;
				IPHONEOS_DEPLOYMENT_TARGET = 11.0;
				LD_RUNPATH_SEARCH_PATHS = (
					"$(inherited)",
					"@executable_path/Frameworks",
				);
				PRODUCT_BUNDLE_IDENTIFIER = com.mjkoo.KakaoPay;
				PRODUCT_NAME = "$(TARGET_NAME)";
				SWIFT_VERSION = 5.0;
				TARGETED_DEVICE_FAMILY = "1,2";
			};
			name = Debug;
		};
		80CDEB0622F1F3830065A8A3 /* Release */ = {
			isa = XCBuildConfiguration;
			buildSettings = {
				ASSETCATALOG_COMPILER_APPICON_NAME = AppIcon;
				CODE_SIGN_STYLE = Automatic;
				DEVELOPMENT_TEAM = TYXYQ3XS3W;
				INFOPLIST_FILE = KakaoPay/Info.plist;
				IPHONEOS_DEPLOYMENT_TARGET = 11.0;
				LD_RUNPATH_SEARCH_PATHS = (
					"$(inherited)",
					"@executable_path/Frameworks",
				);
				PRODUCT_BUNDLE_IDENTIFIER = com.mjkoo.KakaoPay;
				PRODUCT_NAME = "$(TARGET_NAME)";
				SWIFT_VERSION = 5.0;
				TARGETED_DEVICE_FAMILY = "1,2";
			};
			name = Release;
		};
		80CDEB0822F1F3830065A8A3 /* Debug */ = {
			isa = XCBuildConfiguration;
			buildSettings = {
				ALWAYS_EMBED_SWIFT_STANDARD_LIBRARIES = YES;
				BUNDLE_LOADER = "$(TEST_HOST)";
				CODE_SIGN_STYLE = Automatic;
				DEVELOPMENT_TEAM = 2X694JYRKZ;
				INFOPLIST_FILE = KakaoPayTests/Info.plist;
				LD_RUNPATH_SEARCH_PATHS = (
					"$(inherited)",
					"@executable_path/Frameworks",
					"@loader_path/Frameworks",
				);
				PRODUCT_BUNDLE_IDENTIFIER = com.mjkoo.KakaoPayTests;
				PRODUCT_NAME = "$(TARGET_NAME)";
				SWIFT_VERSION = 5.0;
				TARGETED_DEVICE_FAMILY = "1,2";
				TEST_HOST = "$(BUILT_PRODUCTS_DIR)/KakaoPay.app/KakaoPay";
			};
			name = Debug;
		};
		80CDEB0922F1F3830065A8A3 /* Release */ = {
			isa = XCBuildConfiguration;
			buildSettings = {
				ALWAYS_EMBED_SWIFT_STANDARD_LIBRARIES = YES;
				BUNDLE_LOADER = "$(TEST_HOST)";
				CODE_SIGN_STYLE = Automatic;
				DEVELOPMENT_TEAM = 2X694JYRKZ;
				INFOPLIST_FILE = KakaoPayTests/Info.plist;
				LD_RUNPATH_SEARCH_PATHS = (
					"$(inherited)",
					"@executable_path/Frameworks",
					"@loader_path/Frameworks",
				);
				PRODUCT_BUNDLE_IDENTIFIER = com.mjkoo.KakaoPayTests;
				PRODUCT_NAME = "$(TARGET_NAME)";
				SWIFT_VERSION = 5.0;
				TARGETED_DEVICE_FAMILY = "1,2";
				TEST_HOST = "$(BUILT_PRODUCTS_DIR)/KakaoPay.app/KakaoPay";
			};
			name = Release;
		};
		80CDEB0B22F1F3830065A8A3 /* Debug */ = {
			isa = XCBuildConfiguration;
			buildSettings = {
				ALWAYS_EMBED_SWIFT_STANDARD_LIBRARIES = YES;
				CODE_SIGN_STYLE = Automatic;
				DEVELOPMENT_TEAM = 2X694JYRKZ;
				INFOPLIST_FILE = KakaoPayUITests/Info.plist;
				LD_RUNPATH_SEARCH_PATHS = (
					"$(inherited)",
					"@executable_path/Frameworks",
					"@loader_path/Frameworks",
				);
				PRODUCT_BUNDLE_IDENTIFIER = com.mjkoo.KakaoPayUITests;
				PRODUCT_NAME = "$(TARGET_NAME)";
				SWIFT_VERSION = 5.0;
				TARGETED_DEVICE_FAMILY = "1,2";
				TEST_TARGET_NAME = KakaoPay;
			};
			name = Debug;
		};
		80CDEB0C22F1F3830065A8A3 /* Release */ = {
			isa = XCBuildConfiguration;
			buildSettings = {
				ALWAYS_EMBED_SWIFT_STANDARD_LIBRARIES = YES;
				CODE_SIGN_STYLE = Automatic;
				DEVELOPMENT_TEAM = 2X694JYRKZ;
				INFOPLIST_FILE = KakaoPayUITests/Info.plist;
				LD_RUNPATH_SEARCH_PATHS = (
					"$(inherited)",
					"@executable_path/Frameworks",
					"@loader_path/Frameworks",
				);
				PRODUCT_BUNDLE_IDENTIFIER = com.mjkoo.KakaoPayUITests;
				PRODUCT_NAME = "$(TARGET_NAME)";
				SWIFT_VERSION = 5.0;
				TARGETED_DEVICE_FAMILY = "1,2";
				TEST_TARGET_NAME = KakaoPay;
			};
			name = Release;
		};
/* End XCBuildConfiguration section */

/* Begin XCConfigurationList section */
		80CDEAD722F1F3820065A8A3 /* Build configuration list for PBXProject "KakaoPay" */ = {
			isa = XCConfigurationList;
			buildConfigurations = (
				80CDEB0222F1F3830065A8A3 /* Debug */,
				80CDEB0322F1F3830065A8A3 /* Release */,
			);
			defaultConfigurationIsVisible = 0;
			defaultConfigurationName = Release;
		};
		80CDEB0422F1F3830065A8A3 /* Build configuration list for PBXNativeTarget "KakaoPay" */ = {
			isa = XCConfigurationList;
			buildConfigurations = (
				80CDEB0522F1F3830065A8A3 /* Debug */,
				80CDEB0622F1F3830065A8A3 /* Release */,
			);
			defaultConfigurationIsVisible = 0;
			defaultConfigurationName = Release;
		};
		80CDEB0722F1F3830065A8A3 /* Build configuration list for PBXNativeTarget "KakaoPayTests" */ = {
			isa = XCConfigurationList;
			buildConfigurations = (
				80CDEB0822F1F3830065A8A3 /* Debug */,
				80CDEB0922F1F3830065A8A3 /* Release */,
			);
			defaultConfigurationIsVisible = 0;
			defaultConfigurationName = Release;
		};
		80CDEB0A22F1F3830065A8A3 /* Build configuration list for PBXNativeTarget "KakaoPayUITests" */ = {
			isa = XCConfigurationList;
			buildConfigurations = (
				80CDEB0B22F1F3830065A8A3 /* Debug */,
				80CDEB0C22F1F3830065A8A3 /* Release */,
			);
			defaultConfigurationIsVisible = 0;
			defaultConfigurationName = Release;
		};
/* End XCConfigurationList section */
	};
	rootObject = 80CDEAD422F1F3820065A8A3 /* Project object */;
}
